
Microsoft Visual Studio Solution File, Format Version 12.00
# Visual Studio Version 16
VisualStudioVersion = 16.0.29905.134
MinimumVisualStudioVersion = 10.0.40219.1
Project("{FAE04EC0-301F-11D3-BF4B-00C04F79EFBC}") = "AdapterPattern", "AdapterPattern.csproj", "{FDFFE55F-E1AC-4F07-813C-6E15C2EFF760}"
EndProject
Global
	GlobalSection(SolutionConfigurationPlatforms) = preSolution
		Debug|Any CPU = Debug|Any CPU
		Release|Any CPU = Release|Any CPU
	EndGlobalSection
	GlobalSection(ProjectConfigurationPlatforms) = postSolution
		{FDFFE55F-E1AC-4F07-813C-6E15C2EFF760}.Debug|Any CPU.ActiveCfg = Debug|Any CPU
		{FDFFE55F-E1AC-4F07-813C-6E15C2EFF760}.Debug|Any CPU.Build.0 = Debug|Any CPU
		{FDFFE55F-E1AC-4F07-813C-6E15C2EFF760}.Release|Any CPU.ActiveCfg = Release|Any CPU
		{FDFFE55F-E1AC-4F07-813C-6E15C2EFF760}.Release|Any CPU.Build.0 = Release|Any CPU
	EndGlobalSection
	GlobalSection(SolutionProperties) = preSolution
		HideSolutionNode = FALSE
	EndGlobalSection
	GlobalSection(ExtensibilityGlobals) = postSolution
		SolutionGuid = {79A40993-E8B5-420F-86F7-902439A1EE92}
	EndGlobalSection
EndGlobal
