
Microsoft Visual Studio Solution File, Format Version 12.00
# Visual Studio Version 16
VisualStudioVersion = 16.0.29905.134
MinimumVisualStudioVersion = 10.0.40219.1
Project("{FAE04EC0-301F-11D3-BF4B-00C04F79EFBC}") = "CommandPattern", "CommandPattern.csproj", "{B8AA2C9E-701E-45A9-9D5C-5D7160C256C2}"
EndProject
Global
	GlobalSection(SolutionConfigurationPlatforms) = preSolution
		Debug|Any CPU = Debug|Any CPU
		Release|Any CPU = Release|Any CPU
	EndGlobalSection
	GlobalSection(ProjectConfigurationPlatforms) = postSolution
		{B8AA2C9E-701E-45A9-9D5C-5D7160C256C2}.Debug|Any CPU.ActiveCfg = Debug|Any CPU
		{B8AA2C9E-701E-45A9-9D5C-5D7160C256C2}.Debug|Any CPU.Build.0 = Debug|Any CPU
		{B8AA2C9E-701E-45A9-9D5C-5D7160C256C2}.Release|Any CPU.ActiveCfg = Release|Any CPU
		{B8AA2C9E-701E-45A9-9D5C-5D7160C256C2}.Release|Any CPU.Build.0 = Release|Any CPU
	EndGlobalSection
	GlobalSection(SolutionProperties) = preSolution
		HideSolutionNode = FALSE
	EndGlobalSection
	GlobalSection(ExtensibilityGlobals) = postSolution
		SolutionGuid = {BF74F6C2-FA1D-47A6-AE4D-30A289A8FB99}
	EndGlobalSection
EndGlobal
